
Microsoft Visual Studio Solution File, Format Version 12.00
# Visual Studio Version 17
VisualStudioVersion = 17.0.31903.59
MinimumVisualStudioVersion = 10.0.40219.1
Project("{FAE04EC0-301F-11D3-BF4B-00C04F79EFBC}") = "MinimalApiSample", "MinimalApiSample\MinimalApiSample.csproj", "{3A7E7457-C6EF-4CDB-9205-E81BEAE134F2}"
EndProject
Project("{FAE04EC0-301F-11D3-BF4B-00C04F79EFBC}") = "MinimalApiTest", "MinimalApiTest\MinimalApiTest.csproj", "{C95AF592-136E-4B97-9563-55BA1AADD18C}"
EndProject
Global
	GlobalSection(SolutionConfigurationPlatforms) = preSolution
		Debug|Any CPU = Debug|Any CPU
		Release|Any CPU = Release|Any CPU
	EndGlobalSection
	GlobalSection(SolutionProperties) = preSolution
		HideSolutionNode = FALSE
	EndGlobalSection
	GlobalSection(ProjectConfigurationPlatforms) = postSolution
		{3A7E7457-C6EF-4CDB-9205-E81BEAE134F2}.Debug|Any CPU.ActiveCfg = Debug|Any CPU
		{3A7E7457-C6EF-4CDB-9205-E81BEAE134F2}.Debug|Any CPU.Build.0 = Debug|Any CPU
		{3A7E7457-C6EF-4CDB-9205-E81BEAE134F2}.Release|Any CPU.ActiveCfg = Release|Any CPU
		{3A7E7457-C6EF-4CDB-9205-E81BEAE134F2}.Release|Any CPU.Build.0 = Release|Any CPU
		{C95AF592-136E-4B97-9563-55BA1AADD18C}.Debug|Any CPU.ActiveCfg = Debug|Any CPU
		{C95AF592-136E-4B97-9563-55BA1AADD18C}.Debug|Any CPU.Build.0 = Debug|Any CPU
		{C95AF592-136E-4B97-9563-55BA1AADD18C}.Release|Any CPU.ActiveCfg = Release|Any CPU
		{C95AF592-136E-4B97-9563-55BA1AADD18C}.Release|Any CPU.Build.0 = Release|Any CPU
	EndGlobalSection
EndGlobal
